// !$*UTF8*$!
{
	archiveVersion = 1;
	classes = {
	};
	objectVersion = 56;
	objects = {

/* Begin PBXBuildFile section */
		84550A7929D43AD100DCAA57 /* AppDelegate.swift in Sources */ = {isa = PBXBuildFile; fileRef = 84550A7829D43AD100DCAA57 /* AppDelegate.swift */; };
		84550A7B29D43AD100DCAA57 /* SceneDelegate.swift in Sources */ = {isa = PBXBuildFile; fileRef = 84550A7A29D43AD100DCAA57 /* SceneDelegate.swift */; };
		84550A7D29D43AD100DCAA57 /* LoginViewController.swift in Sources */ = {isa = PBXBuildFile; fileRef = 84550A7C29D43AD100DCAA57 /* LoginViewController.swift */; };
		84550A8229D43AD200DCAA57 /* Assets.xcassets in Resources */ = {isa = PBXBuildFile; fileRef = 84550A8129D43AD200DCAA57 /* Assets.xcassets */; };
		84550A8529D43AD200DCAA57 /* LaunchScreen.storyboard in Resources */ = {isa = PBXBuildFile; fileRef = 84550A8329D43AD200DCAA57 /* LaunchScreen.storyboard */; };
		84550A8D29D4443500DCAA57 /* LoginPresenter.swift in Sources */ = {isa = PBXBuildFile; fileRef = 84550A8C29D4443500DCAA57 /* LoginPresenter.swift */; };
		84550A8F29D444AC00DCAA57 /* LoginModel.swift in Sources */ = {isa = PBXBuildFile; fileRef = 84550A8E29D444AC00DCAA57 /* LoginModel.swift */; };
		84550A9229D445E600DCAA57 /* SnapKit in Frameworks */ = {isa = PBXBuildFile; productRef = 84550A9129D445E600DCAA57 /* SnapKit */; };
/* End PBXBuildFile section */

/* Begin PBXFileReference section */
		84550A7529D43AD100DCAA57 /* MVP Project.app */ = {isa = PBXFileReference; explicitFileType = wrapper.application; includeInIndex = 0; path = "MVP Project.app"; sourceTree = BUILT_PRODUCTS_DIR; };
		84550A7829D43AD100DCAA57 /* AppDelegate.swift */ = {isa = PBXFileReference; lastKnownFileType = sourcecode.swift; path = AppDelegate.swift; sourceTree = "<group>"; };
		84550A7A29D43AD100DCAA57 /* SceneDelegate.swift */ = {isa = PBXFileReference; lastKnownFileType = sourcecode.swift; path = SceneDelegate.swift; sourceTree = "<group>"; };
		84550A7C29D43AD100DCAA57 /* LoginViewController.swift */ = {isa = PBXFileReference; lastKnownFileType = sourcecode.swift; path = LoginViewController.swift; sourceTree = "<group>"; };
		84550A8129D43AD200DCAA57 /* Assets.xcassets */ = {isa = PBXFileReference; lastKnownFileType = folder.assetcatalog; path = Assets.xcassets; sourceTree = "<group>"; };
		84550A8429D43AD200DCAA57 /* Base */ = {isa = PBXFileReference; lastKnownFileType = file.storyboard; name = Base; path = Base.lproj/LaunchScreen.storyboard; sourceTree = "<group>"; };
		84550A8629D43AD200DCAA57 /* Info.plist */ = {isa = PBXFileReference; lastKnownFileType = text.plist.xml; path = Info.plist; sourceTree = "<group>"; };
		84550A8C29D4443500DCAA57 /* LoginPresenter.swift */ = {isa = PBXFileReference; lastKnownFileType = sourcecode.swift; path = LoginPresenter.swift; sourceTree = "<group>"; };
		84550A8E29D444AC00DCAA57 /* LoginModel.swift */ = {isa = PBXFileReference; lastKnownFileType = sourcecode.swift; path = LoginModel.swift; sourceTree = "<group>"; };
/* End PBXFileReference section */

/* Begin PBXFrameworksBuildPhase section */
		84550A7229D43AD100DCAA57 /* Frameworks */ = {
			isa = PBXFrameworksBuildPhase;
			buildActionMask = 2147483647;
			files = (
				84550A9229D445E600DCAA57 /* SnapKit in Frameworks */,
			);
			runOnlyForDeploymentPostprocessing = 0;
		};
/* End PBXFrameworksBuildPhase section */

/* Begin PBXGroup section */
		84550A6C29D43AD100DCAA57 = {
			isa = PBXGroup;
			children = (
				84550A7729D43AD100DCAA57 /* MVP Project */,
				84550A7629D43AD100DCAA57 /* Products */,
			);
			sourceTree = "<group>";
		};
		84550A7629D43AD100DCAA57 /* Products */ = {
			isa = PBXGroup;
			children = (
				84550A7529D43AD100DCAA57 /* MVP Project.app */,
			);
			name = Products;
			sourceTree = "<group>";
		};
		84550A7729D43AD100DCAA57 /* MVP Project */ = {
			isa = PBXGroup;
			children = (
				84550A9929D48FFC00DCAA57 /* LoginScreen */,
				84550A7829D43AD100DCAA57 /* AppDelegate.swift */,
				84550A7A29D43AD100DCAA57 /* SceneDelegate.swift */,
				84550A8129D43AD200DCAA57 /* Assets.xcassets */,
				84550A8329D43AD200DCAA57 /* LaunchScreen.storyboard */,
				84550A8629D43AD200DCAA57 /* Info.plist */,
			);
			path = "MVP Project";
			sourceTree = "<group>";
		};
		84550A9629D48FDF00DCAA57 /* ViewController */ = {
			isa = PBXGroup;
			children = (
				84550A7C29D43AD100DCAA57 /* LoginViewController.swift */,
			);
			path = ViewController;
			sourceTree = "<group>";
		};
		84550A9729D48FEB00DCAA57 /* Model */ = {
			isa = PBXGroup;
			children = (
				84550A8E29D444AC00DCAA57 /* LoginModel.swift */,
			);
			path = Model;
			sourceTree = "<group>";
		};
		84550A9829D48FF500DCAA57 /* Presenter */ = {
			isa = PBXGroup;
			children = (
				84550A8C29D4443500DCAA57 /* LoginPresenter.swift */,
			);
			path = Presenter;
			sourceTree = "<group>";
		};
		84550A9929D48FFC00DCAA57 /* LoginScreen */ = {
			isa = PBXGroup;
			children = (
				84550A9629D48FDF00DCAA57 /* ViewController */,
				84550A9729D48FEB00DCAA57 /* Model */,
				84550A9829D48FF500DCAA57 /* Presenter */,
			);
			path = LoginScreen;
			sourceTree = "<group>";
		};
/* End PBXGroup section */

/* Begin PBXNativeTarget section */
		84550A7429D43AD100DCAA57 /* MVP Project */ = {
			isa = PBXNativeTarget;
			buildConfigurationList = 84550A8929D43AD200DCAA57 /* Build configuration list for PBXNativeTarget "MVP Project" */;
			buildPhases = (
				84550A7129D43AD100DCAA57 /* Sources */,
				84550A7229D43AD100DCAA57 /* Frameworks */,
				84550A7329D43AD100DCAA57 /* Resources */,
			);
			buildRules = (
			);
			dependencies = (
			);
			name = "MVP Project";
			packageProductDependencies = (
				84550A9129D445E600DCAA57 /* SnapKit */,
			);
			productName = "MVP Project";
			productReference = 84550A7529D43AD100DCAA57 /* MVP Project.app */;
			productType = "com.apple.product-type.application";
		};
/* End PBXNativeTarget section */

/* Begin PBXProject section */
		84550A6D29D43AD100DCAA57 /* Project object */ = {
			isa = PBXProject;
			attributes = {
				BuildIndependentTargetsInParallel = 1;
				LastSwiftUpdateCheck = 1420;
				LastUpgradeCheck = 1420;
				TargetAttributes = {
					84550A7429D43AD100DCAA57 = {
						CreatedOnToolsVersion = 14.2;
					};
				};
			};
			buildConfigurationList = 84550A7029D43AD100DCAA57 /* Build configuration list for PBXProject "MVP Project" */;
			compatibilityVersion = "Xcode 14.0";
			developmentRegion = en;
			hasScannedForEncodings = 0;
			knownRegions = (
				en,
				Base,
			);
			mainGroup = 84550A6C29D43AD100DCAA57;
			packageReferences = (
				84550A9029D445E600DCAA57 /* XCRemoteSwiftPackageReference "SnapKit" */,
			);
			productRefGroup = 84550A7629D43AD100DCAA57 /* Products */;
			projectDirPath = "";
			projectRoot = "";
			targets = (
				84550A7429D43AD100DCAA57 /* MVP Project */,
			);
		};
/* End PBXProject section */

/* Begin PBXResourcesBuildPhase section */
		84550A7329D43AD100DCAA57 /* Resources */ = {
			isa = PBXResourcesBuildPhase;
			buildActionMask = 2147483647;
			files = (
				84550A8529D43AD200DCAA57 /* LaunchScreen.storyboard in Resources */,
				84550A8229D43AD200DCAA57 /* Assets.xcassets in Resources */,
			);
			runOnlyForDeploymentPostprocessing = 0;
		};
/* End PBXResourcesBuildPhase section */

/* Begin PBXSourcesBuildPhase section */
		84550A7129D43AD100DCAA57 /* Sources */ = {
			isa = PBXSourcesBuildPhase;
			buildActionMask = 2147483647;
			files = (
				84550A7D29D43AD100DCAA57 /* LoginViewController.swift in Sources */,
				84550A7929D43AD100DCAA57 /* AppDelegate.swift in Sources */,
				84550A7B29D43AD100DCAA57 /* SceneDelegate.swift in Sources */,
				84550A8F29D444AC00DCAA57 /* LoginModel.swift in Sources */,
				84550A8D29D4443500DCAA57 /* LoginPresenter.swift in Sources */,
			);
			runOnlyForDeploymentPostprocessing = 0;
		};
/* End PBXSourcesBuildPhase section */

/* Begin PBXVariantGroup section */
		84550A8329D43AD200DCAA57 /* LaunchScreen.storyboard */ = {
			isa = PBXVariantGroup;
			children = (
				84550A8429D43AD200DCAA57 /* Base */,
			);
			name = LaunchScreen.storyboard;
			sourceTree = "<group>";
		};
/* End PBXVariantGroup section */

/* Begin XCBuildConfiguration section */
		84550A8729D43AD200DCAA57 /* Debug */ = {
			isa = XCBuildConfiguration;
			buildSettings = {
				ALWAYS_SEARCH_USER_PATHS = NO;
				CLANG_ANALYZER_NONNULL = YES;
				CLANG_ANALYZER_NUMBER_OBJECT_CONVERSION = YES_AGGRESSIVE;
				CLANG_CXX_LANGUAGE_STANDARD = "gnu++20";
				CLANG_ENABLE_MODULES = YES;
				CLANG_ENABLE_OBJC_ARC = YES;
				CLANG_ENABLE_OBJC_WEAK = YES;
				CLANG_WARN_BLOCK_CAPTURE_AUTORELEASING = YES;
				CLANG_WARN_BOOL_CONVERSION = YES;
				CLANG_WARN_COMMA = YES;
				CLANG_WARN_CONSTANT_CONVERSION = YES;
				CLANG_WARN_DEPRECATED_OBJC_IMPLEMENTATIONS = YES;
				CLANG_WARN_DIRECT_OBJC_ISA_USAGE = YES_ERROR;
				CLANG_WARN_DOCUMENTATION_COMMENTS = YES;
				CLANG_WARN_EMPTY_BODY = YES;
				CLANG_WARN_ENUM_CONVERSION = YES;
				CLANG_WARN_INFINITE_RECURSION = YES;
				CLANG_WARN_INT_CONVERSION = YES;
				CLANG_WARN_NON_LITERAL_NULL_CONVERSION = YES;
				CLANG_WARN_OBJC_IMPLICIT_RETAIN_SELF = YES;
				CLANG_WARN_OBJC_LITERAL_CONVERSION = YES;
				CLANG_WARN_OBJC_ROOT_CLASS = YES_ERROR;
				CLANG_WARN_QUOTED_INCLUDE_IN_FRAMEWORK_HEADER = YES;
				CLANG_WARN_RANGE_LOOP_ANALYSIS = YES;
				CLANG_WARN_STRICT_PROTOTYPES = YES;
				CLANG_WARN_SUSPICIOUS_MOVE = YES;
				CLANG_WARN_UNGUARDED_AVAILABILITY = YES_AGGRESSIVE;
				CLANG_WARN_UNREACHABLE_CODE = YES;
				CLANG_WARN__DUPLICATE_METHOD_MATCH = YES;
				COPY_PHASE_STRIP = NO;
				DEBUG_INFORMATION_FORMAT = dwarf;
				ENABLE_STRICT_OBJC_MSGSEND = YES;
				ENABLE_TESTABILITY = YES;
				GCC_C_LANGUAGE_STANDARD = gnu11;
				GCC_DYNAMIC_NO_PIC = NO;
				GCC_NO_COMMON_BLOCKS = YES;
				GCC_OPTIMIZATION_LEVEL = 0;
				GCC_PREPROCESSOR_DEFINITIONS = (
					"DEBUG=1",
					"$(inherited)",
				);
				GCC_WARN_64_TO_32_BIT_CONVERSION = YES;
				GCC_WARN_ABOUT_RETURN_TYPE = YES_ERROR;
				GCC_WARN_UNDECLARED_SELECTOR = YES;
				GCC_WARN_UNINITIALIZED_AUTOS = YES_AGGRESSIVE;
				GCC_WARN_UNUSED_FUNCTION = YES;
				GCC_WARN_UNUSED_VARIABLE = YES;
				IPHONEOS_DEPLOYMENT_TARGET = 16.2;
				MTL_ENABLE_DEBUG_INFO = INCLUDE_SOURCE;
				MTL_FAST_MATH = YES;
				ONLY_ACTIVE_ARCH = YES;
				SDKROOT = iphoneos;
				SWIFT_ACTIVE_COMPILATION_CONDITIONS = DEBUG;
				SWIFT_OPTIMIZATION_LEVEL = "-Onone";
			};
			name = Debug;
		};
		84550A8829D43AD200DCAA57 /* Release */ = {
			isa = XCBuildConfiguration;
			buildSettings = {
				ALWAYS_SEARCH_USER_PATHS = NO;
				CLANG_ANALYZER_NONNULL = YES;
				CLANG_ANALYZER_NUMBER_OBJECT_CONVERSION = YES_AGGRESSIVE;
				CLANG_CXX_LANGUAGE_STANDARD = "gnu++20";
				CLANG_ENABLE_MODULES = YES;
				CLANG_ENABLE_OBJC_ARC = YES;
				CLANG_ENABLE_OBJC_WEAK = YES;
				CLANG_WARN_BLOCK_CAPTURE_AUTORELEASING = YES;
				CLANG_WARN_BOOL_CONVERSION = YES;
				CLANG_WARN_COMMA = YES;
				CLANG_WARN_CONSTANT_CONVERSION = YES;
				CLANG_WARN_DEPRECATED_OBJC_IMPLEMENTATIONS = YES;
				CLANG_WARN_DIRECT_OBJC_ISA_USAGE = YES_ERROR;
				CLANG_WARN_DOCUMENTATION_COMMENTS = YES;
				CLANG_WARN_EMPTY_BODY = YES;
				CLANG_WARN_ENUM_CONVERSION = YES;
				CLANG_WARN_INFINITE_RECURSION = YES;
				CLANG_WARN_INT_CONVERSION = YES;
				CLANG_WARN_NON_LITERAL_NULL_CONVERSION = YES;
				CLANG_WARN_OBJC_IMPLICIT_RETAIN_SELF = YES;
				CLANG_WARN_OBJC_LITERAL_CONVERSION = YES;
				CLANG_WARN_OBJC_ROOT_CLASS = YES_ERROR;
				CLANG_WARN_QUOTED_INCLUDE_IN_FRAMEWORK_HEADER = YES;
				CLANG_WARN_RANGE_LOOP_ANALYSIS = YES;
				CLANG_WARN_STRICT_PROTOTYPES = YES;
				CLANG_WARN_SUSPICIOUS_MOVE = YES;
				CLANG_WARN_UNGUARDED_AVAILABILITY = YES_AGGRESSIVE;
				CLANG_WARN_UNREACHABLE_CODE = YES;
				CLANG_WARN__DUPLICATE_METHOD_MATCH = YES;
				COPY_PHASE_STRIP = NO;
				DEBUG_INFORMATION_FORMAT = "dwarf-with-dsym";
				ENABLE_NS_ASSERTIONS = NO;
				ENABLE_STRICT_OBJC_MSGSEND = YES;
				GCC_C_LANGUAGE_STANDARD = gnu11;
				GCC_NO_COMMON_BLOCKS = YES;
				GCC_WARN_64_TO_32_BIT_CONVERSION = YES;
				GCC_WARN_ABOUT_RETURN_TYPE = YES_ERROR;
				GCC_WARN_UNDECLARED_SELECTOR = YES;
				GCC_WARN_UNINITIALIZED_AUTOS = YES_AGGRESSIVE;
				GCC_WARN_UNUSED_FUNCTION = YES;
				GCC_WARN_UNUSED_VARIABLE = YES;
				IPHONEOS_DEPLOYMENT_TARGET = 16.2;
				MTL_ENABLE_DEBUG_INFO = NO;
				MTL_FAST_MATH = YES;
				SDKROOT = iphoneos;
				SWIFT_COMPILATION_MODE = wholemodule;
				SWIFT_OPTIMIZATION_LEVEL = "-O";
				VALIDATE_PRODUCT = YES;
			};
			name = Release;
		};
		84550A8A29D43AD200DCAA57 /* Debug */ = {
			isa = XCBuildConfiguration;
			buildSettings = {
				ASSETCATALOG_COMPILER_APPICON_NAME = AppIcon;
				ASSETCATALOG_COMPILER_GLOBAL_ACCENT_COLOR_NAME = AccentColor;
				CODE_SIGN_STYLE = Automatic;
				CURRENT_PROJECT_VERSION = 1;
				GENERATE_INFOPLIST_FILE = YES;
				INFOPLIST_FILE = "MVP Project/Info.plist";
				INFOPLIST_KEY_UIApplicationSupportsIndirectInputEvents = YES;
				INFOPLIST_KEY_UILaunchStoryboardName = LaunchScreen;
				INFOPLIST_KEY_UISupportedInterfaceOrientations_iPad = "UIInterfaceOrientationPortrait UIInterfaceOrientationPortraitUpsideDown UIInterfaceOrientationLandscapeLeft UIInterfaceOrientationLandscapeRight";
				INFOPLIST_KEY_UISupportedInterfaceOrientations_iPhone = "UIInterfaceOrientationPortrait UIInterfaceOrientationLandscapeLeft UIInterfaceOrientationLandscapeRight";
				IPHONEOS_DEPLOYMENT_TARGET = 13.0;
				LD_RUNPATH_SEARCH_PATHS = (
					"$(inherited)",
					"@executable_path/Frameworks",
				);
				MARKETING_VERSION = 1.0;
				PRODUCT_BUNDLE_IDENTIFIER = "foolery.MVP-Project";
				PRODUCT_NAME = "$(TARGET_NAME)";
				SWIFT_EMIT_LOC_STRINGS = YES;
				SWIFT_VERSION = 5.0;
				TARGETED_DEVICE_FAMILY = "1,2";
			};
			name = Debug;
		};
		84550A8B29D43AD200DCAA57 /* Release */ = {
			isa = XCBuildConfiguration;
			buildSettings = {
				ASSETCATALOG_COMPILER_APPICON_NAME = AppIcon;
				ASSETCATALOG_COMPILER_GLOBAL_ACCENT_COLOR_NAME = AccentColor;
				CODE_SIGN_STYLE = Automatic;
				CURRENT_PROJECT_VERSION = 1;
				GENERATE_INFOPLIST_FILE = YES;
				INFOPLIST_FILE = "MVP Project/Info.plist";
				INFOPLIST_KEY_UIApplicationSupportsIndirectInputEvents = YES;
				INFOPLIST_KEY_UILaunchStoryboardName = LaunchScreen;
				INFOPLIST_KEY_UISupportedInterfaceOrientations_iPad = "UIInterfaceOrientationPortrait UIInterfaceOrientationPortraitUpsideDown UIInterfaceOrientationLandscapeLeft UIInterfaceOrientationLandscapeRight";
				INFOPLIST_KEY_UISupportedInterfaceOrientations_iPhone = "UIInterfaceOrientationPortrait UIInterfaceOrientationLandscapeLeft UIInterfaceOrientationLandscapeRight";
				IPHONEOS_DEPLOYMENT_TARGET = 13.0;
				LD_RUNPATH_SEARCH_PATHS = (
					"$(inherited)",
					"@executable_path/Frameworks",
				);
				MARKETING_VERSION = 1.0;
				PRODUCT_BUNDLE_IDENTIFIER = "foolery.MVP-Project";
				PRODUCT_NAME = "$(TARGET_NAME)";
				SWIFT_EMIT_LOC_STRINGS = YES;
				SWIFT_VERSION = 5.0;
				TARGETED_DEVICE_FAMILY = "1,2";
			};
			name = Release;
		};
/* End XCBuildConfiguration section */

/* Begin XCConfigurationList section */
		84550A7029D43AD100DCAA57 /* Build configuration list for PBXProject "MVP Project" */ = {
			isa = XCConfigurationList;
			buildConfigurations = (
				84550A8729D43AD200DCAA57 /* Debug */,
				84550A8829D43AD200DCAA57 /* Release */,
			);
			defaultConfigurationIsVisible = 0;
			defaultConfigurationName = Release;
		};
		84550A8929D43AD200DCAA57 /* Build configuration list for PBXNativeTarget "MVP Project" */ = {
			isa = XCConfigurationList;
			buildConfigurations = (
				84550A8A29D43AD200DCAA57 /* Debug */,
				84550A8B29D43AD200DCAA57 /* Release */,
			);
			defaultConfigurationIsVisible = 0;
			defaultConfigurationName = Release;
		};
/* End XCConfigurationList section */

/* Begin XCRemoteSwiftPackageReference section */
		84550A9029D445E600DCAA57 /* XCRemoteSwiftPackageReference "SnapKit" */ = {
			isa = XCRemoteSwiftPackageReference;
			repositoryURL = "https://github.com/SnapKit/SnapKit.git";
			requirement = {
				branch = develop;
				kind = branch;
			};
		};
/* End XCRemoteSwiftPackageReference section */

/* Begin XCSwiftPackageProductDependency section */
		84550A9129D445E600DCAA57 /* SnapKit */ = {
			isa = XCSwiftPackageProductDependency;
			package = 84550A9029D445E600DCAA57 /* XCRemoteSwiftPackageReference "SnapKit" */;
			productName = SnapKit;
		};
/* End XCSwiftPackageProductDependency section */
	};
	rootObject = 84550A6D29D43AD100DCAA57 /* Project object */;
}
